
Microsoft Visual Studio Solution File, Format Version 12.00
# Visual Studio Version 16
VisualStudioVersion = 16.0.32106.194
MinimumVisualStudioVersion = 10.0.40219.1
Project("{FAE04EC0-301F-11D3-BF4B-00C04F79EFBC}") = "Hess.WebAdmin", "Hess.WebAdmin\Hess.WebAdmin.csproj", "{5944115B-0029-4B49-8868-0550AD52E7C6}"
EndProject
Project("{FAE04EC0-301F-11D3-BF4B-00C04F79EFBC}") = "Hess.Product.Service", "Hess.Product.Service\Hess.Product.Service.csproj", "{1AAC1AB9-72FA-4C40-BF0F-F5B30FF60383}"
EndProject
Project("{FAE04EC0-301F-11D3-BF4B-00C04F79EFBC}") = "Hess.Core", "Hess.Core\Hess.Core.csproj", "{61889640-A0C7-4D31-AFC7-EA6EB2F897A3}"
EndProject
Project("{FAE04EC0-301F-11D3-BF4B-00C04F79EFBC}") = "Hess.DataLayer", "Hess.DataLayer\Hess.DataLayer.csproj", "{5F48BFF9-5110-4909-8CCE-0BFEBCBE27ED}"
EndProject
Project("{2150E333-8FDC-42A3-9474-1A3956D46DE8}") = "Information", "Information", "{08C9E15D-75FC-4E02-8CA7-049333C772AC}"
	ProjectSection(SolutionItems) = preProject
		Notlar.txt = Notlar.txt
	EndProjectSection
EndProject
Global
	GlobalSection(SolutionConfigurationPlatforms) = preSolution
		Debug|Any CPU = Debug|Any CPU
		Release|Any CPU = Release|Any CPU
	EndGlobalSection
	GlobalSection(ProjectConfigurationPlatforms) = postSolution
		{5944115B-0029-4B49-8868-0550AD52E7C6}.Debug|Any CPU.ActiveCfg = Release|Any CPU
		{5944115B-0029-4B49-8868-0550AD52E7C6}.Debug|Any CPU.Build.0 = Release|Any CPU
		{5944115B-0029-4B49-8868-0550AD52E7C6}.Release|Any CPU.ActiveCfg = Release|Any CPU
		{5944115B-0029-4B49-8868-0550AD52E7C6}.Release|Any CPU.Build.0 = Release|Any CPU
		{1AAC1AB9-72FA-4C40-BF0F-F5B30FF60383}.Debug|Any CPU.ActiveCfg = Debug|Any CPU
		{1AAC1AB9-72FA-4C40-BF0F-F5B30FF60383}.Debug|Any CPU.Build.0 = Debug|Any CPU
		{1AAC1AB9-72FA-4C40-BF0F-F5B30FF60383}.Release|Any CPU.ActiveCfg = Release|Any CPU
		{1AAC1AB9-72FA-4C40-BF0F-F5B30FF60383}.Release|Any CPU.Build.0 = Release|Any CPU
		{61889640-A0C7-4D31-AFC7-EA6EB2F897A3}.Debug|Any CPU.ActiveCfg = Debug|Any CPU
		{61889640-A0C7-4D31-AFC7-EA6EB2F897A3}.Debug|Any CPU.Build.0 = Debug|Any CPU
		{61889640-A0C7-4D31-AFC7-EA6EB2F897A3}.Release|Any CPU.ActiveCfg = Release|Any CPU
		{61889640-A0C7-4D31-AFC7-EA6EB2F897A3}.Release|Any CPU.Build.0 = Release|Any CPU
		{5F48BFF9-5110-4909-8CCE-0BFEBCBE27ED}.Debug|Any CPU.ActiveCfg = Debug|Any CPU
		{5F48BFF9-5110-4909-8CCE-0BFEBCBE27ED}.Debug|Any CPU.Build.0 = Debug|Any CPU
		{5F48BFF9-5110-4909-8CCE-0BFEBCBE27ED}.Release|Any CPU.ActiveCfg = Release|Any CPU
		{5F48BFF9-5110-4909-8CCE-0BFEBCBE27ED}.Release|Any CPU.Build.0 = Release|Any CPU
	EndGlobalSection
	GlobalSection(SolutionProperties) = preSolution
		HideSolutionNode = FALSE
	EndGlobalSection
	GlobalSection(ExtensibilityGlobals) = postSolution
		SolutionGuid = {EC2CEBF3-8DBE-4B25-B20D-1EEE01C4AC59}
	EndGlobalSection
EndGlobal
